
Microsoft Visual Studio Solution File, Format Version 12.00
# Visual Studio Version 16
VisualStudioVersion = 16.0.30225.117
MinimumVisualStudioVersion = 10.0.40219.1
Project("{8BC9CEB8-8B4A-11D0-8D11-00A0C91BC942}") = "MsgServer", "MsgServer\MsgServer.vcxproj", "{078FCB22-E717-48EE-8AB0-FFCA13B91EE7}"
EndProject
Project("{8BC9CEB8-8B4A-11D0-8D11-00A0C91BC942}") = "MsgClient", "MsgClient\MsgClient.vcxproj", "{5918F080-AB0E-4DD4-8E35-4EF7307170A6}"
EndProject
Project("{FAE04EC0-301F-11D3-BF4B-00C04F79EFBC}") = "CshClient", "CshClient\CshClient.csproj", "{F54D3A0F-C568-48BC-87AC-0986A74D642F}"
EndProject
Project("{888888A0-9F3D-457C-B088-3A5042F75D52}") = "PytClient", "PytClient\PytClient.pyproj", "{DA6C61E5-F0FB-4324-A019-1BB16B297E43}"
EndProject
Global
	GlobalSection(SolutionConfigurationPlatforms) = preSolution
		Debug|Any CPU = Debug|Any CPU
		Debug|x64 = Debug|x64
		Debug|x86 = Debug|x86
		Release|Any CPU = Release|Any CPU
		Release|x64 = Release|x64
		Release|x86 = Release|x86
	EndGlobalSection
	GlobalSection(ProjectConfigurationPlatforms) = postSolution
		{078FCB22-E717-48EE-8AB0-FFCA13B91EE7}.Debug|Any CPU.ActiveCfg = Debug|Win32
		{078FCB22-E717-48EE-8AB0-FFCA13B91EE7}.Debug|x64.ActiveCfg = Debug|x64
		{078FCB22-E717-48EE-8AB0-FFCA13B91EE7}.Debug|x64.Build.0 = Debug|x64
		{078FCB22-E717-48EE-8AB0-FFCA13B91EE7}.Debug|x86.ActiveCfg = Debug|Win32
		{078FCB22-E717-48EE-8AB0-FFCA13B91EE7}.Debug|x86.Build.0 = Debug|Win32
		{078FCB22-E717-48EE-8AB0-FFCA13B91EE7}.Release|Any CPU.ActiveCfg = Release|Win32
		{078FCB22-E717-48EE-8AB0-FFCA13B91EE7}.Release|x64.ActiveCfg = Release|x64
		{078FCB22-E717-48EE-8AB0-FFCA13B91EE7}.Release|x64.Build.0 = Release|x64
		{078FCB22-E717-48EE-8AB0-FFCA13B91EE7}.Release|x86.ActiveCfg = Release|Win32
		{078FCB22-E717-48EE-8AB0-FFCA13B91EE7}.Release|x86.Build.0 = Release|Win32
		{5918F080-AB0E-4DD4-8E35-4EF7307170A6}.Debug|Any CPU.ActiveCfg = Debug|Win32
		{5918F080-AB0E-4DD4-8E35-4EF7307170A6}.Debug|x64.ActiveCfg = Debug|x64
		{5918F080-AB0E-4DD4-8E35-4EF7307170A6}.Debug|x64.Build.0 = Debug|x64
		{5918F080-AB0E-4DD4-8E35-4EF7307170A6}.Debug|x86.ActiveCfg = Debug|Win32
		{5918F080-AB0E-4DD4-8E35-4EF7307170A6}.Debug|x86.Build.0 = Debug|Win32
		{5918F080-AB0E-4DD4-8E35-4EF7307170A6}.Release|Any CPU.ActiveCfg = Release|Win32
		{5918F080-AB0E-4DD4-8E35-4EF7307170A6}.Release|x64.ActiveCfg = Release|x64
		{5918F080-AB0E-4DD4-8E35-4EF7307170A6}.Release|x64.Build.0 = Release|x64
		{5918F080-AB0E-4DD4-8E35-4EF7307170A6}.Release|x86.ActiveCfg = Release|Win32
		{5918F080-AB0E-4DD4-8E35-4EF7307170A6}.Release|x86.Build.0 = Release|Win32
		{F54D3A0F-C568-48BC-87AC-0986A74D642F}.Debug|Any CPU.ActiveCfg = Debug|Any CPU
		{F54D3A0F-C568-48BC-87AC-0986A74D642F}.Debug|Any CPU.Build.0 = Debug|Any CPU
		{F54D3A0F-C568-48BC-87AC-0986A74D642F}.Debug|x64.ActiveCfg = Debug|Any CPU
		{F54D3A0F-C568-48BC-87AC-0986A74D642F}.Debug|x64.Build.0 = Debug|Any CPU
		{F54D3A0F-C568-48BC-87AC-0986A74D642F}.Debug|x86.ActiveCfg = Debug|Any CPU
		{F54D3A0F-C568-48BC-87AC-0986A74D642F}.Debug|x86.Build.0 = Debug|Any CPU
		{F54D3A0F-C568-48BC-87AC-0986A74D642F}.Release|Any CPU.ActiveCfg = Release|Any CPU
		{F54D3A0F-C568-48BC-87AC-0986A74D642F}.Release|Any CPU.Build.0 = Release|Any CPU
		{F54D3A0F-C568-48BC-87AC-0986A74D642F}.Release|x64.ActiveCfg = Release|Any CPU
		{F54D3A0F-C568-48BC-87AC-0986A74D642F}.Release|x64.Build.0 = Release|Any CPU
		{F54D3A0F-C568-48BC-87AC-0986A74D642F}.Release|x86.ActiveCfg = Release|Any CPU
		{F54D3A0F-C568-48BC-87AC-0986A74D642F}.Release|x86.Build.0 = Release|Any CPU
		{DA6C61E5-F0FB-4324-A019-1BB16B297E43}.Debug|Any CPU.ActiveCfg = Debug|Any CPU
		{DA6C61E5-F0FB-4324-A019-1BB16B297E43}.Debug|x64.ActiveCfg = Debug|Any CPU
		{DA6C61E5-F0FB-4324-A019-1BB16B297E43}.Debug|x86.ActiveCfg = Debug|Any CPU
		{DA6C61E5-F0FB-4324-A019-1BB16B297E43}.Release|Any CPU.ActiveCfg = Release|Any CPU
		{DA6C61E5-F0FB-4324-A019-1BB16B297E43}.Release|x64.ActiveCfg = Release|Any CPU
		{DA6C61E5-F0FB-4324-A019-1BB16B297E43}.Release|x86.ActiveCfg = Release|Any CPU
	EndGlobalSection
	GlobalSection(SolutionProperties) = preSolution
		HideSolutionNode = FALSE
	EndGlobalSection
	GlobalSection(ExtensibilityGlobals) = postSolution
		SolutionGuid = {5098FA48-F42A-4C9C-A6E0-419CFC957D33}
	EndGlobalSection
EndGlobal
